<?xml version="1.0" encoding="utf-8"?>
<Project ToolsVersion="4.0" xmlns="http://schemas.microsoft.com/developer/msbuild/2003">
  <ItemGroup>
    <Filter Include="Source">
      <UniqueIdentifier>{c6a367f1-c8ee-4450-9d7b-07568170e494}</UniqueIdentifier>
    </Filter>
    <Filter Include="Source\Game">
      <UniqueIdentifier>{5a814944-6e39-48a8-b9d3-5a954e5ba862}</UniqueIdentifier>
    </Filter>
    <Filter Include="Source\Game\Gnomes">
      <UniqueIdentifier>{647ae4c3-b3f2-4ffd-bd89-12b7571e3046}</UniqueIdentifier>
    </Filter>
    <Filter Include="Source\Game\World">
      <UniqueIdentifier>{442f42c4-5df1-4d3b-8460-29f2104cecb6}</UniqueIdentifier>
    </Filter>
    <Filter Include="Source\Engine">
      <UniqueIdentifier>{2b6cff54-645f-4029-bf98-c83dc1770e18}</UniqueIdentifier>
    </Filter>
    <Filter Include="Source\Engine\GUI">
      <UniqueIdentifier>{a145878b-30b3-4f99-80f5-202d8958f606}</UniqueIdentifier>
    </Filter>
    <Filter Include="Source\Game\Noise">
      <UniqueIdentifier>{e7f32550-13c8-4f42-80e1-3fceb473b08e}</UniqueIdentifier>
    </Filter>
    <Filter Include="Source\Engine\RealTime">
      <UniqueIdentifier>{bf7f5506-a8a2-41d7-a942-20da406f0a27}</UniqueIdentifier>
    </Filter>
    <Filter Include="Assets">
      <UniqueIdentifier>{3c31e02b-7189-4fbc-8fd9-c79e83f82cdc}</UniqueIdentifier>
    </Filter>
    <Filter Include="Source\Math">
      <UniqueIdentifier>{1b16f265-6d42-4e10-9c96-ae4db604d76c}</UniqueIdentifier>
    </Filter>
    <Filter Include="Source\Game\InputHandler">
      <UniqueIdentifier>{4086db20-3ba2-448e-acb1-b758e4ad1e34}</UniqueIdentifier>
    </Filter>
    <Filter Include="Source\Engine\Performance">
      <UniqueIdentifier>{f0ad8b3e-a92f-4989-91fa-f83ac857c246}</UniqueIdentifier>
    </Filter>
    <Filter Include="Source\Engine\PathFinder">
      <UniqueIdentifier>{baec5f29-6fa5-43e4-828d-c04d53d139ff}</UniqueIdentifier>
    </Filter>
    <Filter Include="Source\Game\Debugger">
      <UniqueIdentifier>{7fd8f277-9a92-49c1-9f8a-a9cc229ecd41}</UniqueIdentifier>
    </Filter>
    <Filter Include="Source\Game\Cursor">
      <UniqueIdentifier>{3f590841-5c16-4ba0-93c0-c5d8bd35ae01}</UniqueIdentifier>
    </Filter>
    <Filter Include="Source\Engine\Renderer">
      <UniqueIdentifier>{f874ef3c-14f3-4a3f-97c3-f0c45c8d5330}</UniqueIdentifier>
    </Filter>
  </ItemGroup>
  <ItemGroup>
    <ClInclude Include="src\Renderer.h">
      <Filter>Source\Engine\Renderer</Filter>
    </ClInclude>
    <ClInclude Include="src\Camera.h">
      <Filter>Source\Game\World</Filter>
    </ClInclude>
    <ClInclude Include="src\PerlinNoise.h">
      <Filter>Source\Game\Noise</Filter>
    </ClInclude>
    <ClInclude Include="src\RealTimeEngine.h">
      <Filter>Source\Engine\RealTime</Filter>
    </ClInclude>
    <ClInclude Include="src\Shaders.h">
      <Filter>Source\Engine\Renderer</Filter>
    </ClInclude>
    <ClInclude Include="src\World.h">
      <Filter>Source\Game\World</Filter>
    </ClInclude>
    <ClInclude Include="src\Transform.h">
      <Filter>Source\Engine\Renderer</Filter>
    </ClInclude>
    <ClInclude Include="src\Text.h">
      <Filter>Source\Engine\GUI</Filter>
    </ClInclude>
    <ClInclude Include="src\Math\GMMath.h">
      <Filter>Source\Math</Filter>
    </ClInclude>
    <ClInclude Include="src\Math\MathUtil.h">
      <Filter>Source\Math</Filter>
    </ClInclude>
    <ClInclude Include="src\Math\Matrix4.h">
      <Filter>Source\Math</Filter>
    </ClInclude>
    <ClInclude Include="src\Math\Vector.h">
      <Filter>Source\Math</Filter>
    </ClInclude>
    <ClInclude Include="src\Math\Vector2.h">
      <Filter>Source\Math</Filter>
    </ClInclude>
    <ClInclude Include="src\Math\Vector3.h">
      <Filter>Source\Math</Filter>
    </ClInclude>
    <ClInclude Include="src\Math\Vector4.h">
      <Filter>Source\Math</Filter>
    </ClInclude>
    <ClInclude Include="src\InputHandler.h">
      <Filter>Source\Game\InputHandler</Filter>
    </ClInclude>
    <ClInclude Include="src\FrameRate.h">
      <Filter>Source\Engine\Performance</Filter>
    </ClInclude>
    <ClInclude Include="src\PathFinder.h">
      <Filter>Source\Engine\PathFinder</Filter>
    </ClInclude>
    <ClInclude Include="src\Debug.h">
      <Filter>Source\Game\Debugger</Filter>
    </ClInclude>
    <ClInclude Include="src\Cursor.h">
      <Filter>Source\Game\Cursor</Filter>
    </ClInclude>
  </ItemGroup>
  <ItemGroup>
    <ClCompile Include="src\Renderer.cpp">
      <Filter>Source\Engine\Renderer</Filter>
    </ClCompile>
    <ClCompile Include="src\Main.cpp">
      <Filter>Source</Filter>
    </ClCompile>
    <ClCompile Include="src\PerlinNoise.cpp">
      <Filter>Source\Game\Noise</Filter>
    </ClCompile>
    <ClCompile Include="src\RealTimeEngine.cpp">
      <Filter>Source\Engine\RealTime</Filter>
    </ClCompile>
    <ClCompile Include="src\Camera.cpp">
      <Filter>Source\Game\World</Filter>
    </ClCompile>
    <ClCompile Include="src\World.cpp">
      <Filter>Source\Game\World</Filter>
    </ClCompile>
    <ClCompile Include="src\Text.cpp">
      <Filter>Source\Engine\GUI</Filter>
    </ClCompile>
    <ClCompile Include="src\Math\Matrix4.cpp">
      <Filter>Source\Math</Filter>
    </ClCompile>
    <ClCompile Include="src\InputHandler.cpp">
      <Filter>Source\Game\InputHandler</Filter>
    </ClCompile>
    <ClCompile Include="src\Debug.cpp">
      <Filter>Source\Game\Debugger</Filter>
    </ClCompile>
  </ItemGroup>
  <ItemGroup>
    <Image Include="..\Assets\Textures\Texture.bmp">
      <Filter>Assets</Filter>
    </Image>
    <Image Include="..\Assets\Textures\Font.bmp">
      <Filter>Assets</Filter>
    </Image>
    <Image Include="..\Assets\Shaders\Frag\Texture.frag">
      <Filter>Assets</Filter>
    </Image>
    <Image Include="..\Assets\Shaders\Vert\Texture.vert">
      <Filter>Assets</Filter>
    </Image>
  </ItemGroup>
</Project>